
Microsoft Visual Studio Solution File, Format Version 12.00
# Visual Studio Version 16
VisualStudioVersion = 16.0.29215.179
MinimumVisualStudioVersion = 10.0.40219.1
Project("{8BC9CEB8-8B4A-11D0-8D11-00A0C91BC942}") = "yolo_tracking", "yolo_tracking\yolo_tracking.vcxproj", "{6A13ED71-7C05-4A17-B2DE-F3DA7CD76DE1}"
EndProject
Project("{8BC9CEB8-8B4A-11D0-8D11-00A0C91BC942}") = "yolo_cuda", "yolo_cuda\yolo_cuda.vcxproj", "{779F73F1-C187-4EE1-A739-3E709E515AA0}"
EndProject
Global
	GlobalSection(SolutionConfigurationPlatforms) = preSolution
		Debug|x64 = Debug|x64
		Debug|x86 = Debug|x86
		Release|x64 = Release|x64
		Release|x86 = Release|x86
	EndGlobalSection
	GlobalSection(ProjectConfigurationPlatforms) = postSolution
		{6A13ED71-7C05-4A17-B2DE-F3DA7CD76DE1}.Debug|x64.ActiveCfg = Debug|x64
		{6A13ED71-7C05-4A17-B2DE-F3DA7CD76DE1}.Debug|x64.Build.0 = Debug|x64
		{6A13ED71-7C05-4A17-B2DE-F3DA7CD76DE1}.Debug|x86.ActiveCfg = Debug|Win32
		{6A13ED71-7C05-4A17-B2DE-F3DA7CD76DE1}.Debug|x86.Build.0 = Debug|Win32
		{6A13ED71-7C05-4A17-B2DE-F3DA7CD76DE1}.Release|x64.ActiveCfg = Release|x64
		{6A13ED71-7C05-4A17-B2DE-F3DA7CD76DE1}.Release|x64.Build.0 = Release|x64
		{6A13ED71-7C05-4A17-B2DE-F3DA7CD76DE1}.Release|x86.ActiveCfg = Release|Win32
		{6A13ED71-7C05-4A17-B2DE-F3DA7CD76DE1}.Release|x86.Build.0 = Release|Win32
		{779F73F1-C187-4EE1-A739-3E709E515AA0}.Debug|x64.ActiveCfg = Debug|x64
		{779F73F1-C187-4EE1-A739-3E709E515AA0}.Debug|x64.Build.0 = Debug|x64
		{779F73F1-C187-4EE1-A739-3E709E515AA0}.Debug|x86.ActiveCfg = Debug|x64
		{779F73F1-C187-4EE1-A739-3E709E515AA0}.Release|x64.ActiveCfg = Release|x64
		{779F73F1-C187-4EE1-A739-3E709E515AA0}.Release|x64.Build.0 = Release|x64
		{779F73F1-C187-4EE1-A739-3E709E515AA0}.Release|x86.ActiveCfg = Release|x64
	EndGlobalSection
	GlobalSection(SolutionProperties) = preSolution
		HideSolutionNode = FALSE
	EndGlobalSection
	GlobalSection(ExtensibilityGlobals) = postSolution
		SolutionGuid = {25653056-3251-43BE-B19C-78AE3FA33541}
	EndGlobalSection
EndGlobal
