<?xml version="1.0" encoding="utf-8"?>
<Project ToolsVersion="4.0" xmlns="http://schemas.microsoft.com/developer/msbuild/2003">
  <ItemGroup>
    <ClCompile Include="..\darknet\yolo_class.cpp" />
    <ClCompile Include="..\darknet\demo.c">
      <Filter>darknet</Filter>
    </ClCompile>
    <ClCompile Include="..\darknet\detection_layer.c">
      <Filter>darknet</Filter>
    </ClCompile>
    <ClCompile Include="..\darknet\detector.c">
      <Filter>darknet</Filter>
    </ClCompile>
    <ClCompile Include="..\darknet\dice.c">
      <Filter>darknet</Filter>
    </ClCompile>
    <ClCompile Include="..\darknet\dropout_layer.c">
      <Filter>darknet</Filter>
    </ClCompile>
    <ClCompile Include="..\darknet\gemm.c">
      <Filter>darknet</Filter>
    </ClCompile>
    <ClCompile Include="..\darknet\getopt.c">
      <Filter>darknet</Filter>
    </ClCompile>
    <ClCompile Include="..\darknet\gettimeofday.c">
      <Filter>darknet</Filter>
    </ClCompile>
    <ClCompile Include="..\darknet\go.c">
      <Filter>darknet</Filter>
    </ClCompile>
    <ClCompile Include="..\darknet\gru_layer.c">
      <Filter>darknet</Filter>
    </ClCompile>
    <ClCompile Include="..\darknet\http_stream.cpp">
      <Filter>darknet</Filter>
    </ClCompile>
    <ClCompile Include="..\darknet\im2col.c">
      <Filter>darknet</Filter>
    </ClCompile>
    <ClCompile Include="..\darknet\image.c">
      <Filter>darknet</Filter>
    </ClCompile>
    <ClCompile Include="..\darknet\image_opencv.cpp">
      <Filter>darknet</Filter>
    </ClCompile>
    <ClCompile Include="..\darknet\layer.c">
      <Filter>darknet</Filter>
    </ClCompile>
    <ClCompile Include="..\darknet\list.c">
      <Filter>darknet</Filter>
    </ClCompile>
    <ClCompile Include="..\darknet\local_layer.c">
      <Filter>darknet</Filter>
    </ClCompile>
    <ClCompile Include="..\darknet\lstm_layer.c">
      <Filter>darknet</Filter>
    </ClCompile>
    <ClCompile Include="..\darknet\matrix.c">
      <Filter>darknet</Filter>
    </ClCompile>
    <ClCompile Include="..\darknet\maxpool_layer.c">
      <Filter>darknet</Filter>
    </ClCompile>
    <ClCompile Include="..\darknet\network.c">
      <Filter>darknet</Filter>
    </ClCompile>
    <ClCompile Include="..\darknet\nightmare.c">
      <Filter>darknet</Filter>
    </ClCompile>
    <ClCompile Include="..\darknet\normalization_layer.c">
      <Filter>darknet</Filter>
    </ClCompile>
    <ClCompile Include="..\darknet\option_list.c">
      <Filter>darknet</Filter>
    </ClCompile>
    <ClCompile Include="..\darknet\parser.c">
      <Filter>darknet</Filter>
    </ClCompile>
    <ClCompile Include="..\darknet\region_layer.c">
      <Filter>darknet</Filter>
    </ClCompile>
    <ClCompile Include="..\darknet\reorg_layer.c">
      <Filter>darknet</Filter>
    </ClCompile>
    <ClCompile Include="..\darknet\reorg_old_layer.c">
      <Filter>darknet</Filter>
    </ClCompile>
    <ClCompile Include="..\darknet\rnn.c">
      <Filter>darknet</Filter>
    </ClCompile>
    <ClCompile Include="..\darknet\rnn_layer.c">
      <Filter>darknet</Filter>
    </ClCompile>
    <ClCompile Include="..\darknet\rnn_vid.c">
      <Filter>darknet</Filter>
    </ClCompile>
    <ClCompile Include="..\darknet\route_layer.c">
      <Filter>darknet</Filter>
    </ClCompile>
    <ClCompile Include="..\darknet\sam_layer.c">
      <Filter>darknet</Filter>
    </ClCompile>
    <ClCompile Include="..\darknet\scale_channels_layer.c">
      <Filter>darknet</Filter>
    </ClCompile>
    <ClCompile Include="..\darknet\shortcut_layer.c">
      <Filter>darknet</Filter>
    </ClCompile>
    <ClCompile Include="..\darknet\softmax_layer.c">
      <Filter>darknet</Filter>
    </ClCompile>
    <ClCompile Include="..\darknet\super.c">
      <Filter>darknet</Filter>
    </ClCompile>
    <ClCompile Include="..\darknet\swag.c">
      <Filter>darknet</Filter>
    </ClCompile>
    <ClCompile Include="..\darknet\tag.c">
      <Filter>darknet</Filter>
    </ClCompile>
    <ClCompile Include="..\darknet\tree.c">
      <Filter>darknet</Filter>
    </ClCompile>
    <ClCompile Include="..\darknet\upsample_layer.c">
      <Filter>darknet</Filter>
    </ClCompile>
    <ClCompile Include="..\darknet\utils.c">
      <Filter>darknet</Filter>
    </ClCompile>
    <ClCompile Include="..\darknet\voxel.c">
      <Filter>darknet</Filter>
    </ClCompile>
    <ClCompile Include="..\darknet\writing.c">
      <Filter>darknet</Filter>
    </ClCompile>
    <ClCompile Include="..\darknet\yolo.c">
      <Filter>darknet</Filter>
    </ClCompile>
    <ClCompile Include="..\darknet\yolo_layer.c">
      <Filter>darknet</Filter>
    </ClCompile>
    <ClCompile Include="..\darknet\activation_layer.c">
      <Filter>darknet</Filter>
    </ClCompile>
    <ClCompile Include="..\darknet\activations.c">
      <Filter>darknet</Filter>
    </ClCompile>
    <ClCompile Include="..\darknet\art.c">
      <Filter>darknet</Filter>
    </ClCompile>
    <ClCompile Include="..\darknet\avgpool_layer.c">
      <Filter>darknet</Filter>
    </ClCompile>
    <ClCompile Include="..\darknet\batchnorm_layer.c">
      <Filter>darknet</Filter>
    </ClCompile>
    <ClCompile Include="..\darknet\blas.c">
      <Filter>darknet</Filter>
    </ClCompile>
    <ClCompile Include="..\darknet\box.c">
      <Filter>darknet</Filter>
    </ClCompile>
    <ClCompile Include="..\darknet\captcha.c">
      <Filter>darknet</Filter>
    </ClCompile>
    <ClCompile Include="..\darknet\cifar.c">
      <Filter>darknet</Filter>
    </ClCompile>
    <ClCompile Include="..\darknet\classifier.c">
      <Filter>darknet</Filter>
    </ClCompile>
    <ClCompile Include="..\darknet\coco.c">
      <Filter>darknet</Filter>
    </ClCompile>
    <ClCompile Include="..\darknet\col2im.c">
      <Filter>darknet</Filter>
    </ClCompile>
    <ClCompile Include="..\darknet\compare.c">
      <Filter>darknet</Filter>
    </ClCompile>
    <ClCompile Include="..\darknet\connected_layer.c">
      <Filter>darknet</Filter>
    </ClCompile>
    <ClCompile Include="..\darknet\conv_lstm_layer.c">
      <Filter>darknet</Filter>
    </ClCompile>
    <ClCompile Include="..\darknet\convolutional_layer.c">
      <Filter>darknet</Filter>
    </ClCompile>
    <ClCompile Include="..\darknet\cost_layer.c">
      <Filter>darknet</Filter>
    </ClCompile>
    <ClCompile Include="..\darknet\cpu_gemm.c">
      <Filter>darknet</Filter>
    </ClCompile>
    <ClCompile Include="..\darknet\crnn_layer.c">
      <Filter>darknet</Filter>
    </ClCompile>
    <ClCompile Include="..\darknet\crop_layer.c">
      <Filter>darknet</Filter>
    </ClCompile>
    <ClCompile Include="..\darknet\dark_cuda.c">
      <Filter>darknet</Filter>
    </ClCompile>
    <ClCompile Include="..\darknet\darknet.c">
      <Filter>darknet</Filter>
    </ClCompile>
    <ClCompile Include="..\darknet\data.c">
      <Filter>darknet</Filter>
    </ClCompile>
    <ClCompile Include="..\darknet\deconvolutional_layer.c">
      <Filter>darknet</Filter>
    </ClCompile>
  </ItemGroup>
  <ItemGroup>
    <ClInclude Include="..\darknet\yolo_class.hpp" />
    <ClInclude Include="..\darknet\deconvolutional_layer.h">
      <Filter>darknet</Filter>
    </ClInclude>
    <ClInclude Include="..\darknet\demo.h">
      <Filter>darknet</Filter>
    </ClInclude>
    <ClInclude Include="..\darknet\detection_layer.h">
      <Filter>darknet</Filter>
    </ClInclude>
    <ClInclude Include="..\darknet\dropout_layer.h">
      <Filter>darknet</Filter>
    </ClInclude>
    <ClInclude Include="..\darknet\gemm.h">
      <Filter>darknet</Filter>
    </ClInclude>
    <ClInclude Include="..\darknet\getopt.h">
      <Filter>darknet</Filter>
    </ClInclude>
    <ClInclude Include="..\darknet\gettimeofday.h">
      <Filter>darknet</Filter>
    </ClInclude>
    <ClInclude Include="..\darknet\gru_layer.h">
      <Filter>darknet</Filter>
    </ClInclude>
    <ClInclude Include="..\darknet\http_stream.h">
      <Filter>darknet</Filter>
    </ClInclude>
    <ClInclude Include="..\darknet\im2col.h">
      <Filter>darknet</Filter>
    </ClInclude>
    <ClInclude Include="..\darknet\image.h">
      <Filter>darknet</Filter>
    </ClInclude>
    <ClInclude Include="..\darknet\image_opencv.h">
      <Filter>darknet</Filter>
    </ClInclude>
    <ClInclude Include="..\darknet\layer.h">
      <Filter>darknet</Filter>
    </ClInclude>
    <ClInclude Include="..\darknet\list.h">
      <Filter>darknet</Filter>
    </ClInclude>
    <ClInclude Include="..\darknet\local_layer.h">
      <Filter>darknet</Filter>
    </ClInclude>
    <ClInclude Include="..\darknet\lstm_layer.h">
      <Filter>darknet</Filter>
    </ClInclude>
    <ClInclude Include="..\darknet\matrix.h">
      <Filter>darknet</Filter>
    </ClInclude>
    <ClInclude Include="..\darknet\maxpool_layer.h">
      <Filter>darknet</Filter>
    </ClInclude>
    <ClInclude Include="..\darknet\network.h">
      <Filter>darknet</Filter>
    </ClInclude>
    <ClInclude Include="..\darknet\normalization_layer.h">
      <Filter>darknet</Filter>
    </ClInclude>
    <ClInclude Include="..\darknet\option_list.h">
      <Filter>darknet</Filter>
    </ClInclude>
    <ClInclude Include="..\darknet\parser.h">
      <Filter>darknet</Filter>
    </ClInclude>
    <ClInclude Include="..\3rdparty\pthreads\include\pthread.h">
      <Filter>darknet</Filter>
    </ClInclude>
    <ClInclude Include="..\darknet\region_layer.h">
      <Filter>darknet</Filter>
    </ClInclude>
    <ClInclude Include="..\darknet\reorg_layer.h">
      <Filter>darknet</Filter>
    </ClInclude>
    <ClInclude Include="..\darknet\reorg_old_layer.h">
      <Filter>darknet</Filter>
    </ClInclude>
    <ClInclude Include="..\darknet\rnn_layer.h">
      <Filter>darknet</Filter>
    </ClInclude>
    <ClInclude Include="..\darknet\route_layer.h">
      <Filter>darknet</Filter>
    </ClInclude>
    <ClInclude Include="..\darknet\sam_layer.h">
      <Filter>darknet</Filter>
    </ClInclude>
    <ClInclude Include="..\darknet\scale_channels_layer.h">
      <Filter>darknet</Filter>
    </ClInclude>
    <ClInclude Include="..\darknet\shortcut_layer.h">
      <Filter>darknet</Filter>
    </ClInclude>
    <ClInclude Include="..\darknet\softmax_layer.h">
      <Filter>darknet</Filter>
    </ClInclude>
    <ClInclude Include="..\3rdparty\stb\include\stb_image.h">
      <Filter>darknet</Filter>
    </ClInclude>
    <ClInclude Include="..\3rdparty\stb\include\stb_image_write.h">
      <Filter>darknet</Filter>
    </ClInclude>
    <ClInclude Include="..\darknet\tree.h">
      <Filter>darknet</Filter>
    </ClInclude>
    <ClInclude Include="..\darknet\upsample_layer.h">
      <Filter>darknet</Filter>
    </ClInclude>
    <ClInclude Include="..\darknet\utils.h">
      <Filter>darknet</Filter>
    </ClInclude>
    <ClInclude Include="..\darknet\version.h">
      <Filter>darknet</Filter>
    </ClInclude>
    <ClInclude Include="..\darknet\yolo_layer.h">
      <Filter>darknet</Filter>
    </ClInclude>
    <ClInclude Include="..\darknet\activation_layer.h">
      <Filter>darknet</Filter>
    </ClInclude>
    <ClInclude Include="..\darknet\activations.h">
      <Filter>darknet</Filter>
    </ClInclude>
    <ClInclude Include="..\darknet\avgpool_layer.h">
      <Filter>darknet</Filter>
    </ClInclude>
    <ClInclude Include="..\darknet\batchnorm_layer.h">
      <Filter>darknet</Filter>
    </ClInclude>
    <ClInclude Include="..\darknet\blas.h">
      <Filter>darknet</Filter>
    </ClInclude>
    <ClInclude Include="..\darknet\box.h">
      <Filter>darknet</Filter>
    </ClInclude>
    <ClInclude Include="..\darknet\classifier.h">
      <Filter>darknet</Filter>
    </ClInclude>
    <ClInclude Include="..\darknet\col2im.h">
      <Filter>darknet</Filter>
    </ClInclude>
    <ClInclude Include="..\darknet\connected_layer.h">
      <Filter>darknet</Filter>
    </ClInclude>
    <ClInclude Include="..\darknet\conv_lstm_layer.h">
      <Filter>darknet</Filter>
    </ClInclude>
    <ClInclude Include="..\darknet\convolutional_layer.h">
      <Filter>darknet</Filter>
    </ClInclude>
    <ClInclude Include="..\darknet\cost_layer.h">
      <Filter>darknet</Filter>
    </ClInclude>
    <ClInclude Include="..\darknet\crnn_layer.h">
      <Filter>darknet</Filter>
    </ClInclude>
    <ClInclude Include="..\darknet\crop_layer.h">
      <Filter>darknet</Filter>
    </ClInclude>
    <ClInclude Include="..\darknet\dark_cuda.h">
      <Filter>darknet</Filter>
    </ClInclude>
    <ClInclude Include="..\darknet\darknet.h">
      <Filter>darknet</Filter>
    </ClInclude>
    <ClInclude Include="..\darknet\darkunistd.h">
      <Filter>darknet</Filter>
    </ClInclude>
    <ClInclude Include="..\darknet\data.h">
      <Filter>darknet</Filter>
    </ClInclude>
  </ItemGroup>
  <ItemGroup>
    <CudaCompile Include="..\darknet\activation_kernels.cu">
      <Filter>cuda</Filter>
    </CudaCompile>
    <CudaCompile Include="..\darknet\avgpool_layer_kernels.cu">
      <Filter>cuda</Filter>
    </CudaCompile>
    <CudaCompile Include="..\darknet\blas_kernels.cu">
      <Filter>cuda</Filter>
    </CudaCompile>
    <CudaCompile Include="..\darknet\convolutional_kernels.cu">
      <Filter>cuda</Filter>
    </CudaCompile>
    <CudaCompile Include="..\darknet\crop_layer_kernels.cu">
      <Filter>cuda</Filter>
    </CudaCompile>
    <CudaCompile Include="..\darknet\deconvolutional_kernels.cu">
      <Filter>cuda</Filter>
    </CudaCompile>
    <CudaCompile Include="..\darknet\dropout_layer_kernels.cu">
      <Filter>cuda</Filter>
    </CudaCompile>
    <CudaCompile Include="..\darknet\im2col_kernels.cu">
      <Filter>cuda</Filter>
    </CudaCompile>
    <CudaCompile Include="..\darknet\maxpool_layer_kernels.cu">
      <Filter>cuda</Filter>
    </CudaCompile>
    <CudaCompile Include="..\darknet\network_kernels.cu">
      <Filter>cuda</Filter>
    </CudaCompile>
    <CudaCompile Include="..\darknet\col2im_kernels.cu">
      <Filter>cuda</Filter>
    </CudaCompile>
  </ItemGroup>
  <ItemGroup>
    <Filter Include="cuda">
      <UniqueIdentifier>{28b0af97-a279-4c9f-9485-80312b286c74}</UniqueIdentifier>
    </Filter>
    <Filter Include="darknet">
      <UniqueIdentifier>{4d36fc5b-299c-41e1-abd3-86a69cfbf86c}</UniqueIdentifier>
    </Filter>
  </ItemGroup>
</Project>